Microsoft Visual Studio Solution File, Format Version 12.00

#
# Bareflank Hypervisor
# Copyright (C) 2018 Assured Information Security, Inc.
#
# Permission is hereby granted, free of charge, to any person obtaining a copy of
# this software and associated documentation files (the "Software"), to deal in
# the Software without restriction, including without limitation the rights to
# use, copy, modify, merge, publish, distribute, sublicense, and/or sell copies
# of the Software, and to permit persons to whom the Software is furnished to do
# so, subject to the following conditions:
#
# The above copyright notice and this permission notice shall be included in all
# copies or substantial portions of the Software.
#
# THE SOFTWARE IS PROVIDED "AS IS", WITHOUT WARRANTY OF ANY KIND, EXPRESS OR
# IMPLIED, INCLUDING BUT NOT LIMITED TO THE WARRANTIES OF MERCHANTABILITY,
# FITNESS FOR A PARTICULAR PURPOSE AND NONINFRINGEMENT. IN NO EVENT SHALL THE
# AUTHORS OR COPYRIGHT HOLDERS BE LIABLE FOR ANY CLAIM, DAMAGES OR OTHER
# LIABILITY, WHETHER IN AN ACTION OF CONTRACT, TORT OR OTHERWISE, ARISING
# FROM, OUT OF OR IN CONNECTION WITH THE SOFTWARE OR THE USE OR OTHER
# DEALINGS IN THE SOFTWARE.

# Visual Studio 15
VisualStudioVersion = 15.0.27004.2008
MinimumVisualStudioVersion = 10.0.40219.1
Project("{8BC9CEB8-8B4A-11D0-8D11-00A0C91BC942}") = "bareflank", "bareflank.vcxproj", "{9299115C-8A76-408B-B25B-BB3571EA196A}"
EndProject
Global
	GlobalSection(SolutionConfigurationPlatforms) = preSolution
		Debug|x64 = Debug|x64
		Release|x64 = Release|x64
	EndGlobalSection
	GlobalSection(ProjectConfigurationPlatforms) = postSolution
		{9299115C-8A76-408B-B25B-BB3571EA196A}.Debug|x64.ActiveCfg = Debug|x64
		{9299115C-8A76-408B-B25B-BB3571EA196A}.Debug|x64.Build.0 = Debug|x64
		{9299115C-8A76-408B-B25B-BB3571EA196A}.Debug|x64.Deploy.0 = Debug|x64
		{9299115C-8A76-408B-B25B-BB3571EA196A}.Release|x64.ActiveCfg = Release|x64
		{9299115C-8A76-408B-B25B-BB3571EA196A}.Release|x64.Build.0 = Release|x64
		{9299115C-8A76-408B-B25B-BB3571EA196A}.Release|x64.Deploy.0 = Release|x64
	EndGlobalSection
	GlobalSection(SolutionProperties) = preSolution
		HideSolutionNode = FALSE
	EndGlobalSection
	GlobalSection(ExtensibilityGlobals) = postSolution
		SolutionGuid = {5BB3266F-C8ED-491E-8FBD-B31BB90A5319}
	EndGlobalSection
EndGlobal
