// !$*UTF8*$!
{
	archiveVersion = 1;
	classes = {
	};
	objectVersion = 46;
	objects = {

/* Begin PBXBuildFile section */
		80DE5F7E1C87F81D00E91DFB /* common.c in Sources */ = {isa = PBXBuildFile; fileRef = 80DE5F7D1C87F81D00E91DFB /* common.c */; };
		80EA76531C874A6E007D5F52 /* entry.cpp in Sources */ = {isa = PBXBuildFile; fileRef = 80EA76501C874A6E007D5F52 /* entry.cpp */; };
		80EA76541C874A6E007D5F52 /* entry.h in Headers */ = {isa = PBXBuildFile; fileRef = 80EA76511C874A6E007D5F52 /* entry.h */; };
		80EA76551C874A6E007D5F52 /* platform.cpp in Sources */ = {isa = PBXBuildFile; fileRef = 80EA76521C874A6E007D5F52 /* platform.cpp */; };
		80EA76571C874B3D007D5F52 /* IOKit.framework in Frameworks */ = {isa = PBXBuildFile; fileRef = 80EA76561C874B3D007D5F52 /* IOKit.framework */; };
		80EA76631C874C29007D5F52 /* abi_conversion.h in Headers */ = {isa = PBXBuildFile; fileRef = 80EA76581C874C29007D5F52 /* abi_conversion.h */; };
		80EA76641C874C29007D5F52 /* constants.h in Headers */ = {isa = PBXBuildFile; fileRef = 80EA76591C874C29007D5F52 /* constants.h */; };
		80EA76651C874C29007D5F52 /* crt.h in Headers */ = {isa = PBXBuildFile; fileRef = 80EA765A1C874C29007D5F52 /* crt.h */; };
		80EA76661C874C29007D5F52 /* debug_ring_interface.h in Headers */ = {isa = PBXBuildFile; fileRef = 80EA765B1C874C29007D5F52 /* debug_ring_interface.h */; };
		80EA76671C874C29007D5F52 /* driver_entry_interface.h in Headers */ = {isa = PBXBuildFile; fileRef = 80EA765C1C874C29007D5F52 /* driver_entry_interface.h */; };
		80EA76681C874C29007D5F52 /* entry.h in Headers */ = {isa = PBXBuildFile; fileRef = 80EA765D1C874C29007D5F52 /* entry.h */; };
		80EA76691C874C29007D5F52 /* exception.h in Headers */ = {isa = PBXBuildFile; fileRef = 80EA765E1C874C29007D5F52 /* exception.h */; };
		80EA766A1C874C29007D5F52 /* hippomocks.h in Headers */ = {isa = PBXBuildFile; fileRef = 80EA765F1C874C29007D5F52 /* hippomocks.h */; };
		80EA766B1C874C29007D5F52 /* memory.h in Headers */ = {isa = PBXBuildFile; fileRef = 80EA76601C874C29007D5F52 /* memory.h */; };
		80EA766C1C874C29007D5F52 /* commit_or_rollback.h in Headers */ = {isa = PBXBuildFile; fileRef = 80EA76611C874C29007D5F52 /* commit_or_rollback.h */; };
		80EA766D1C874C29007D5F52 /* unittest.h in Headers */ = {isa = PBXBuildFile; fileRef = 80EA76621C874C29007D5F52 /* unittest.h */; };
		80EA76721C874C48007D5F52 /* common.h in Headers */ = {isa = PBXBuildFile; fileRef = 80EA766E1C874C48007D5F52 /* common.h */; };
		80EA76731C874C48007D5F52 /* debug.h in Headers */ = {isa = PBXBuildFile; fileRef = 80EA766F1C874C48007D5F52 /* debug.h */; };
		80EA76741C874C48007D5F52 /* platform.h in Headers */ = {isa = PBXBuildFile; fileRef = 80EA76701C874C48007D5F52 /* platform.h */; };
		80EA76751C874C48007D5F52 /* types.h in Headers */ = {isa = PBXBuildFile; fileRef = 80EA76711C874C48007D5F52 /* types.h */; };
		80EA76771C874CE6007D5F52 /* bfelf_loader.c in Sources */ = {isa = PBXBuildFile; fileRef = 80EA76761C874CE6007D5F52 /* bfelf_loader.c */; };
		80EA76791C874D08007D5F52 /* bfelf_loader.h in Headers */ = {isa = PBXBuildFile; fileRef = 80EA76781C874D08007D5F52 /* bfelf_loader.h */; };
/* End PBXBuildFile section */

/* Begin PBXFileReference section */
		80DE5F7D1C87F81D00E91DFB /* common.c */ = {isa = PBXFileReference; fileEncoding = 4; lastKnownFileType = sourcecode.c.c; name = common.c; path = ../../../common.c; sourceTree = "<group>"; };
		80EA76431C87485D007D5F52 /* bareflank.kext */ = {isa = PBXFileReference; explicitFileType = wrapper.cfbundle; includeInIndex = 0; path = bareflank.kext; sourceTree = BUILT_PRODUCTS_DIR; };
		80EA764A1C87485D007D5F52 /* Info.plist */ = {isa = PBXFileReference; lastKnownFileType = text.plist.xml; path = Info.plist; sourceTree = "<group>"; };
		80EA76501C874A6E007D5F52 /* entry.cpp */ = {isa = PBXFileReference; fileEncoding = 4; lastKnownFileType = sourcecode.cpp.cpp; name = entry.cpp; path = ../entry.cpp; sourceTree = "<group>"; };
		80EA76511C874A6E007D5F52 /* entry.h */ = {isa = PBXFileReference; fileEncoding = 4; lastKnownFileType = sourcecode.c.h; name = entry.h; path = ../entry.h; sourceTree = "<group>"; };
		80EA76521C874A6E007D5F52 /* platform.cpp */ = {isa = PBXFileReference; fileEncoding = 4; lastKnownFileType = sourcecode.cpp.cpp; name = platform.cpp; path = ../platform.cpp; sourceTree = "<group>"; };
		80EA76561C874B3D007D5F52 /* IOKit.framework */ = {isa = PBXFileReference; lastKnownFileType = wrapper.framework; name = IOKit.framework; path = System/Library/Frameworks/IOKit.framework; sourceTree = SDKROOT; };
		80EA76581C874C29007D5F52 /* abi_conversion.h */ = {isa = PBXFileReference; lastKnownFileType = sourcecode.c.h; name = abi_conversion.h; path = ../../../../include/abi_conversion.h; sourceTree = "<group>"; };
		80EA76591C874C29007D5F52 /* constants.h */ = {isa = PBXFileReference; lastKnownFileType = sourcecode.c.h; name = constants.h; path = ../../../../include/constants.h; sourceTree = "<group>"; };
		80EA765A1C874C29007D5F52 /* crt.h */ = {isa = PBXFileReference; lastKnownFileType = sourcecode.c.h; name = crt.h; path = ../../../../include/crt.h; sourceTree = "<group>"; };
		80EA765B1C874C29007D5F52 /* debug_ring_interface.h */ = {isa = PBXFileReference; lastKnownFileType = sourcecode.c.h; name = debug_ring_interface.h; path = ../../../../include/debug_ring_interface.h; sourceTree = "<group>"; };
		80EA765C1C874C29007D5F52 /* driver_entry_interface.h */ = {isa = PBXFileReference; lastKnownFileType = sourcecode.c.h; name = driver_entry_interface.h; path = ../../../../include/driver_entry_interface.h; sourceTree = "<group>"; };
		80EA765D1C874C29007D5F52 /* entry.h */ = {isa = PBXFileReference; lastKnownFileType = sourcecode.c.h; name = entry.h; path = ../../../../include/entry.h; sourceTree = "<group>"; };
		80EA765E1C874C29007D5F52 /* exception.h */ = {isa = PBXFileReference; lastKnownFileType = sourcecode.c.h; name = exception.h; path = ../../../../include/exception.h; sourceTree = "<group>"; };
		80EA765F1C874C29007D5F52 /* hippomocks.h */ = {isa = PBXFileReference; lastKnownFileType = sourcecode.c.h; name = hippomocks.h; path = ../../../../include/hippomocks.h; sourceTree = "<group>"; };
		80EA76601C874C29007D5F52 /* memory.h */ = {isa = PBXFileReference; lastKnownFileType = sourcecode.c.h; name = memory.h; path = ../../../../include/memory.h; sourceTree = "<group>"; };
		80EA76611C874C29007D5F52 /* commit_or_rollback.h */ = {isa = PBXFileReference; lastKnownFileType = sourcecode.c.h; name = commit_or_rollback.h; path = ../../../../include/commit_or_rollback.h; sourceTree = "<group>"; };
		80EA76621C874C29007D5F52 /* unittest.h */ = {isa = PBXFileReference; lastKnownFileType = sourcecode.c.h; name = unittest.h; path = ../../../../include/unittest.h; sourceTree = "<group>"; };
		80EA766E1C874C48007D5F52 /* common.h */ = {isa = PBXFileReference; lastKnownFileType = sourcecode.c.h; name = common.h; path = ../../../include/common.h; sourceTree = "<group>"; };
		80EA766F1C874C48007D5F52 /* debug.h */ = {isa = PBXFileReference; lastKnownFileType = sourcecode.c.h; name = debug.h; path = ../../../include/debug.h; sourceTree = "<group>"; };
		80EA76701C874C48007D5F52 /* platform.h */ = {isa = PBXFileReference; lastKnownFileType = sourcecode.c.h; name = platform.h; path = ../../../include/platform.h; sourceTree = "<group>"; };
		80EA76711C874C48007D5F52 /* types.h */ = {isa = PBXFileReference; lastKnownFileType = sourcecode.c.h; name = types.h; path = ../../../include/types.h; sourceTree = "<group>"; };
		80EA76761C874CE6007D5F52 /* bfelf_loader.c */ = {isa = PBXFileReference; lastKnownFileType = sourcecode.c.c; name = bfelf_loader.c; path = ../../../../bfelf_loader/src/bfelf_loader.c; sourceTree = "<group>"; };
		80EA76781C874D08007D5F52 /* bfelf_loader.h */ = {isa = PBXFileReference; lastKnownFileType = sourcecode.c.h; name = bfelf_loader.h; path = ../../../../bfelf_loader/include/bfelf_loader.h; sourceTree = "<group>"; };
/* End PBXFileReference section */

/* Begin PBXFrameworksBuildPhase section */
		80EA763F1C87485D007D5F52 /* Frameworks */ = {
			isa = PBXFrameworksBuildPhase;
			buildActionMask = 2147483647;
			files = (
				80EA76571C874B3D007D5F52 /* IOKit.framework in Frameworks */,
			);
			runOnlyForDeploymentPostprocessing = 0;
		};
/* End PBXFrameworksBuildPhase section */

/* Begin PBXGroup section */
		80EA76391C87485D007D5F52 = {
			isa = PBXGroup;
			children = (
				80EA76781C874D08007D5F52 /* bfelf_loader.h */,
				80EA76761C874CE6007D5F52 /* bfelf_loader.c */,
				80EA766E1C874C48007D5F52 /* common.h */,
				80EA766F1C874C48007D5F52 /* debug.h */,
				80EA76701C874C48007D5F52 /* platform.h */,
				80EA76711C874C48007D5F52 /* types.h */,
				80EA76581C874C29007D5F52 /* abi_conversion.h */,
				80EA76591C874C29007D5F52 /* constants.h */,
				80EA765A1C874C29007D5F52 /* crt.h */,
				80EA765B1C874C29007D5F52 /* debug_ring_interface.h */,
				80EA765C1C874C29007D5F52 /* driver_entry_interface.h */,
				80EA765D1C874C29007D5F52 /* entry.h */,
				80EA765E1C874C29007D5F52 /* exception.h */,
				80EA765F1C874C29007D5F52 /* hippomocks.h */,
				80EA76601C874C29007D5F52 /* memory.h */,
				80EA76611C874C29007D5F52 /* commit_or_rollback.h */,
				80EA76621C874C29007D5F52 /* unittest.h */,
				80EA76561C874B3D007D5F52 /* IOKit.framework */,
				80EA76451C87485D007D5F52 /* bareflank */,
				80EA76441C87485D007D5F52 /* Products */,
			);
			sourceTree = "<group>";
		};
		80EA76441C87485D007D5F52 /* Products */ = {
			isa = PBXGroup;
			children = (
				80EA76431C87485D007D5F52 /* bareflank.kext */,
			);
			name = Products;
			sourceTree = "<group>";
		};
		80EA76451C87485D007D5F52 /* bareflank */ = {
			isa = PBXGroup;
			children = (
				80DE5F7D1C87F81D00E91DFB /* common.c */,
				80EA76501C874A6E007D5F52 /* entry.cpp */,
				80EA76511C874A6E007D5F52 /* entry.h */,
				80EA76521C874A6E007D5F52 /* platform.cpp */,
				80EA764A1C87485D007D5F52 /* Info.plist */,
			);
			path = bareflank;
			sourceTree = "<group>";
		};
/* End PBXGroup section */

/* Begin PBXHeadersBuildPhase section */
		80EA76401C87485D007D5F52 /* Headers */ = {
			isa = PBXHeadersBuildPhase;
			buildActionMask = 2147483647;
			files = (
				80EA76791C874D08007D5F52 /* bfelf_loader.h in Headers */,
				80EA76721C874C48007D5F52 /* common.h in Headers */,
				80EA76731C874C48007D5F52 /* debug.h in Headers */,
				80EA76741C874C48007D5F52 /* platform.h in Headers */,
				80EA76751C874C48007D5F52 /* types.h in Headers */,
				80EA76631C874C29007D5F52 /* abi_conversion.h in Headers */,
				80EA76641C874C29007D5F52 /* constants.h in Headers */,
				80EA76651C874C29007D5F52 /* crt.h in Headers */,
				80EA76661C874C29007D5F52 /* debug_ring_interface.h in Headers */,
				80EA76671C874C29007D5F52 /* driver_entry_interface.h in Headers */,
				80EA76681C874C29007D5F52 /* entry.h in Headers */,
				80EA76691C874C29007D5F52 /* exception.h in Headers */,
				80EA766A1C874C29007D5F52 /* hippomocks.h in Headers */,
				80EA766B1C874C29007D5F52 /* memory.h in Headers */,
				80EA766C1C874C29007D5F52 /* commit_or_rollback.h in Headers */,
				80EA766D1C874C29007D5F52 /* unittest.h in Headers */,
				80EA76541C874A6E007D5F52 /* entry.h in Headers */,
			);
			runOnlyForDeploymentPostprocessing = 0;
		};
/* End PBXHeadersBuildPhase section */

/* Begin PBXNativeTarget section */
		80EA76421C87485D007D5F52 /* bareflank */ = {
			isa = PBXNativeTarget;
			buildConfigurationList = 80EA764D1C87485D007D5F52 /* Build configuration list for PBXNativeTarget "bareflank" */;
			buildPhases = (
				80EA763E1C87485D007D5F52 /* Sources */,
				80EA763F1C87485D007D5F52 /* Frameworks */,
				80EA76401C87485D007D5F52 /* Headers */,
				80EA76411C87485D007D5F52 /* Resources */,
			);
			buildRules = (
			);
			dependencies = (
			);
			name = bareflank;
			productName = bareflank;
			productReference = 80EA76431C87485D007D5F52 /* bareflank.kext */;
			productType = "com.apple.product-type.kernel-extension";
		};
/* End PBXNativeTarget section */

/* Begin PBXProject section */
		80EA763A1C87485D007D5F52 /* Project object */ = {
			isa = PBXProject;
			attributes = {
				LastUpgradeCheck = 0720;
				ORGANIZATIONNAME = Bareflank;
				TargetAttributes = {
					80EA76421C87485D007D5F52 = {
						CreatedOnToolsVersion = 7.2.1;
						DevelopmentTeam = 94NFCM5YHB;
					};
				};
			};
			buildConfigurationList = 80EA763D1C87485D007D5F52 /* Build configuration list for PBXProject "bareflank" */;
			compatibilityVersion = "Xcode 3.2";
			developmentRegion = English;
			hasScannedForEncodings = 0;
			knownRegions = (
				en,
			);
			mainGroup = 80EA76391C87485D007D5F52;
			productRefGroup = 80EA76441C87485D007D5F52 /* Products */;
			projectDirPath = "";
			projectRoot = "";
			targets = (
				80EA76421C87485D007D5F52 /* bareflank */,
			);
		};
/* End PBXProject section */

/* Begin PBXResourcesBuildPhase section */
		80EA76411C87485D007D5F52 /* Resources */ = {
			isa = PBXResourcesBuildPhase;
			buildActionMask = 2147483647;
			files = (
			);
			runOnlyForDeploymentPostprocessing = 0;
		};
/* End PBXResourcesBuildPhase section */

/* Begin PBXSourcesBuildPhase section */
		80EA763E1C87485D007D5F52 /* Sources */ = {
			isa = PBXSourcesBuildPhase;
			buildActionMask = 2147483647;
			files = (
				80EA76771C874CE6007D5F52 /* bfelf_loader.c in Sources */,
				80EA76531C874A6E007D5F52 /* entry.cpp in Sources */,
				80DE5F7E1C87F81D00E91DFB /* common.c in Sources */,
				80EA76551C874A6E007D5F52 /* platform.cpp in Sources */,
			);
			runOnlyForDeploymentPostprocessing = 0;
		};
/* End PBXSourcesBuildPhase section */

/* Begin XCBuildConfiguration section */
		80EA764B1C87485D007D5F52 /* Debug */ = {
			isa = XCBuildConfiguration;
			buildSettings = {
				ALWAYS_SEARCH_USER_PATHS = NO;
				CLANG_CXX_LANGUAGE_STANDARD = "gnu++0x";
				CLANG_CXX_LIBRARY = "libc++";
				CLANG_ENABLE_MODULES = YES;
				CLANG_ENABLE_OBJC_ARC = YES;
				CLANG_WARN_BOOL_CONVERSION = YES;
				CLANG_WARN_CONSTANT_CONVERSION = YES;
				CLANG_WARN_DIRECT_OBJC_ISA_USAGE = YES_ERROR;
				CLANG_WARN_EMPTY_BODY = YES;
				CLANG_WARN_ENUM_CONVERSION = YES;
				CLANG_WARN_INT_CONVERSION = YES;
				CLANG_WARN_OBJC_ROOT_CLASS = YES_ERROR;
				CLANG_WARN_UNREACHABLE_CODE = YES;
				CLANG_WARN__DUPLICATE_METHOD_MATCH = YES;
				CODE_SIGN_IDENTITY = "-";
				COPY_PHASE_STRIP = NO;
				DEBUG_INFORMATION_FORMAT = dwarf;
				ENABLE_STRICT_OBJC_MSGSEND = YES;
				ENABLE_TESTABILITY = YES;
				GCC_C_LANGUAGE_STANDARD = gnu99;
				GCC_DYNAMIC_NO_PIC = NO;
				GCC_NO_COMMON_BLOCKS = YES;
				GCC_OPTIMIZATION_LEVEL = 0;
				GCC_PREPROCESSOR_DEFINITIONS = (
					"DEBUG=1",
					"$(inherited)",
				);
				GCC_WARN_64_TO_32_BIT_CONVERSION = YES;
				GCC_WARN_ABOUT_RETURN_TYPE = YES_ERROR;
				GCC_WARN_UNDECLARED_SELECTOR = YES;
				GCC_WARN_UNINITIALIZED_AUTOS = YES_AGGRESSIVE;
				GCC_WARN_UNUSED_FUNCTION = YES;
				GCC_WARN_UNUSED_VARIABLE = YES;
				MACOSX_DEPLOYMENT_TARGET = 10.11;
				MTL_ENABLE_DEBUG_INFO = YES;
				ONLY_ACTIVE_ARCH = YES;
				SDKROOT = macosx;
			};
			name = Debug;
		};
		80EA764C1C87485D007D5F52 /* Release */ = {
			isa = XCBuildConfiguration;
			buildSettings = {
				ALWAYS_SEARCH_USER_PATHS = NO;
				CLANG_CXX_LANGUAGE_STANDARD = "gnu++0x";
				CLANG_CXX_LIBRARY = "libc++";
				CLANG_ENABLE_MODULES = YES;
				CLANG_ENABLE_OBJC_ARC = YES;
				CLANG_WARN_BOOL_CONVERSION = YES;
				CLANG_WARN_CONSTANT_CONVERSION = YES;
				CLANG_WARN_DIRECT_OBJC_ISA_USAGE = YES_ERROR;
				CLANG_WARN_EMPTY_BODY = YES;
				CLANG_WARN_ENUM_CONVERSION = YES;
				CLANG_WARN_INT_CONVERSION = YES;
				CLANG_WARN_OBJC_ROOT_CLASS = YES_ERROR;
				CLANG_WARN_UNREACHABLE_CODE = YES;
				CLANG_WARN__DUPLICATE_METHOD_MATCH = YES;
				CODE_SIGN_IDENTITY = "-";
				COPY_PHASE_STRIP = NO;
				DEBUG_INFORMATION_FORMAT = "dwarf-with-dsym";
				ENABLE_NS_ASSERTIONS = NO;
				ENABLE_STRICT_OBJC_MSGSEND = YES;
				GCC_C_LANGUAGE_STANDARD = gnu99;
				GCC_NO_COMMON_BLOCKS = YES;
				GCC_WARN_64_TO_32_BIT_CONVERSION = YES;
				GCC_WARN_ABOUT_RETURN_TYPE = YES_ERROR;
				GCC_WARN_UNDECLARED_SELECTOR = YES;
				GCC_WARN_UNINITIALIZED_AUTOS = YES_AGGRESSIVE;
				GCC_WARN_UNUSED_FUNCTION = YES;
				GCC_WARN_UNUSED_VARIABLE = YES;
				MACOSX_DEPLOYMENT_TARGET = 10.11;
				MTL_ENABLE_DEBUG_INFO = NO;
				SDKROOT = macosx;
			};
			name = Release;
		};
		80EA764E1C87485D007D5F52 /* Debug */ = {
			isa = XCBuildConfiguration;
			buildSettings = {
				CODE_SIGN_IDENTITY = "Mac Developer";
				"CODE_SIGN_IDENTITY[sdk=macosx*]" = "Mac Developer";
				COMBINE_HIDPI_IMAGES = YES;
				CURRENT_PROJECT_VERSION = 1.0.0d1;
				INFOPLIST_FILE = bareflank/Info.plist;
				MODULE_NAME = org.bareflank.osx;
				MODULE_VERSION = 1.0.0d1;
				PRODUCT_BUNDLE_IDENTIFIER = org.bareflank.osx;
				PRODUCT_NAME = "$(TARGET_NAME)";
				PROVISIONING_PROFILE = "";
				WRAPPER_EXTENSION = kext;
			};
			name = Debug;
		};
		80EA764F1C87485D007D5F52 /* Release */ = {
			isa = XCBuildConfiguration;
			buildSettings = {
				CODE_SIGN_IDENTITY = "Mac Developer";
				"CODE_SIGN_IDENTITY[sdk=macosx*]" = "Mac Developer";
				COMBINE_HIDPI_IMAGES = YES;
				CURRENT_PROJECT_VERSION = 1.0.0d1;
				INFOPLIST_FILE = bareflank/Info.plist;
				MODULE_NAME = org.bareflank.osx;
				MODULE_VERSION = 1.0.0d1;
				PRODUCT_BUNDLE_IDENTIFIER = org.bareflank.osx;
				PRODUCT_NAME = "$(TARGET_NAME)";
				PROVISIONING_PROFILE = "";
				WRAPPER_EXTENSION = kext;
			};
			name = Release;
		};
/* End XCBuildConfiguration section */

/* Begin XCConfigurationList section */
		80EA763D1C87485D007D5F52 /* Build configuration list for PBXProject "bareflank" */ = {
			isa = XCConfigurationList;
			buildConfigurations = (
				80EA764B1C87485D007D5F52 /* Debug */,
				80EA764C1C87485D007D5F52 /* Release */,
			);
			defaultConfigurationIsVisible = 0;
			defaultConfigurationName = Release;
		};
		80EA764D1C87485D007D5F52 /* Build configuration list for PBXNativeTarget "bareflank" */ = {
			isa = XCConfigurationList;
			buildConfigurations = (
				80EA764E1C87485D007D5F52 /* Debug */,
				80EA764F1C87485D007D5F52 /* Release */,
			);
			defaultConfigurationIsVisible = 0;
			defaultConfigurationName = Release;
		};
/* End XCConfigurationList section */
	};
	rootObject = 80EA763A1C87485D007D5F52 /* Project object */;
}
