<?xml version="1.0" encoding="utf-8"?>
<Project ToolsVersion="4.0" xmlns="http://schemas.microsoft.com/developer/msbuild/2003">
  <ItemGroup>
    <Inf Include="bareflank.inf" />
  </ItemGroup>
  <ItemGroup>
    <Filter Include="Sources">
      <UniqueIdentifier>{01371a61-2ed2-4da4-9ef8-a45467279dda}</UniqueIdentifier>
      <Extensions>*.c</Extensions>
    </Filter>
  </ItemGroup>
  <ItemGroup>
    <ClInclude Include="Device.h" />
    <ClInclude Include="Driver.h" />
    <ClInclude Include="Queue.h" />
    <ClInclude Include="Trace.h" />
  </ItemGroup>
  <ItemGroup>
    <ClCompile Include="..\..\common.c" />
    <ClCompile Include="..\..\..\..\bfelf_loader\src\bfelf_loader.c" />
  </ItemGroup>
</Project>